
Microsoft Visual Studio Solution File, Format Version 12.00
# Visual Studio Version 17
VisualStudioVersion = 17.14.36203.30
MinimumVisualStudioVersion = 10.0.40219.1
Project("{FAE04EC0-301F-11D3-BF4B-00C04F79EFBC}") = "AzureDayRoma2025", "AzureDayRoma2025\AzureDayRoma2025.csproj", "{DCE38AF7-7CBB-40DA-AB1E-DBF1731AAEC3}"
EndProject
Global
	GlobalSection(SolutionConfigurationPlatforms) = preSolution
		Debug|Any CPU = Debug|Any CPU
		Release|Any CPU = Release|Any CPU
	EndGlobalSection
	GlobalSection(ProjectConfigurationPlatforms) = postSolution
		{DCE38AF7-7CBB-40DA-AB1E-DBF1731AAEC3}.Debug|Any CPU.ActiveCfg = Debug|Any CPU
		{DCE38AF7-7CBB-40DA-AB1E-DBF1731AAEC3}.Debug|Any CPU.Build.0 = Debug|Any CPU
		{DCE38AF7-7CBB-40DA-AB1E-DBF1731AAEC3}.Release|Any CPU.ActiveCfg = Release|Any CPU
		{DCE38AF7-7CBB-40DA-AB1E-DBF1731AAEC3}.Release|Any CPU.Build.0 = Release|Any CPU
	EndGlobalSection
	GlobalSection(SolutionProperties) = preSolution
		HideSolutionNode = FALSE
	EndGlobalSection
	GlobalSection(ExtensibilityGlobals) = postSolution
		SolutionGuid = {ADFB5501-6D4F-4922-8CB9-23C0157FF7D8}
	EndGlobalSection
EndGlobal
